
Microsoft Visual Studio Solution File, Format Version 12.00
# Visual Studio Version 17
VisualStudioVersion = 17.1.32210.238
MinimumVisualStudioVersion = 10.0.40219.1
Project("{FAE04EC0-301F-11D3-BF4B-00C04F79EFBC}") = "ModelWithStudent", "ModelWithStudent\ModelWithStudent.csproj", "{ED4CD4D6-FB4B-49DC-9876-EFA7AF5DD015}"
EndProject
Global
	GlobalSection(SolutionConfigurationPlatforms) = preSolution
		Debug|Any CPU = Debug|Any CPU
		Release|Any CPU = Release|Any CPU
	EndGlobalSection
	GlobalSection(ProjectConfigurationPlatforms) = postSolution
		{ED4CD4D6-FB4B-49DC-9876-EFA7AF5DD015}.Debug|Any CPU.ActiveCfg = Debug|Any CPU
		{ED4CD4D6-FB4B-49DC-9876-EFA7AF5DD015}.Debug|Any CPU.Build.0 = Debug|Any CPU
		{ED4CD4D6-FB4B-49DC-9876-EFA7AF5DD015}.Release|Any CPU.ActiveCfg = Release|Any CPU
		{ED4CD4D6-FB4B-49DC-9876-EFA7AF5DD015}.Release|Any CPU.Build.0 = Release|Any CPU
	EndGlobalSection
	GlobalSection(SolutionProperties) = preSolution
		HideSolutionNode = FALSE
	EndGlobalSection
	GlobalSection(ExtensibilityGlobals) = postSolution
		SolutionGuid = {F6BA9137-048C-45D3-A652-F70B35C9A1F2}
	EndGlobalSection
EndGlobal
